
Microsoft Visual Studio Solution File, Format Version 12.00
# Visual Studio Version 17
VisualStudioVersion = 17.3.32825.248
MinimumVisualStudioVersion = 10.0.40219.1
Project("{FAE04EC0-301F-11D3-BF4B-00C04F79EFBC}") = "BE-HelacorTest", "BE-HelacorTest\BE-HelacorTest.csproj", "{082ADFF1-3981-433C-A521-C2E7F8D1CEAB}"
EndProject
Project("{2150E333-8FDC-42A3-9474-1A3956D46DE8}") = "Elementos de la solución", "Elementos de la solución", "{156DCD43-E570-43BD-923E-64BF62C1862C}"
EndProject
Global
	GlobalSection(SolutionConfigurationPlatforms) = preSolution
		Debug|Any CPU = Debug|Any CPU
		Release|Any CPU = Release|Any CPU
	EndGlobalSection
	GlobalSection(ProjectConfigurationPlatforms) = postSolution
		{082ADFF1-3981-433C-A521-C2E7F8D1CEAB}.Debug|Any CPU.ActiveCfg = Debug|Any CPU
		{082ADFF1-3981-433C-A521-C2E7F8D1CEAB}.Debug|Any CPU.Build.0 = Debug|Any CPU
		{082ADFF1-3981-433C-A521-C2E7F8D1CEAB}.Release|Any CPU.ActiveCfg = Release|Any CPU
		{082ADFF1-3981-433C-A521-C2E7F8D1CEAB}.Release|Any CPU.Build.0 = Release|Any CPU
	EndGlobalSection
	GlobalSection(SolutionProperties) = preSolution
		HideSolutionNode = FALSE
	EndGlobalSection
	GlobalSection(ExtensibilityGlobals) = postSolution
		SolutionGuid = {8DAA8E56-7784-42C7-A8CD-905DC1703646}
	EndGlobalSection
EndGlobal
